
Microsoft Visual Studio Solution File, Format Version 12.00
# Visual Studio Version 17
VisualStudioVersion = 17.9.34622.214
MinimumVisualStudioVersion = 10.0.40219.1
Project("{2150E333-8FDC-42A3-9474-1A3956D46DE8}") = "Building Blocks", "Building Blocks", "{13561F5A-E4E2-4D24-BE52-2F80D47FDCA9}"
EndProject
Project("{2150E333-8FDC-42A3-9474-1A3956D46DE8}") = "Web", "Web", "{98CAD1FC-CAA8-4E9D-97B0-1A1C48196A81}"
EndProject
Project("{2150E333-8FDC-42A3-9474-1A3956D46DE8}") = "Services", "Services", "{4F5D057A-8F9D-4FFE-9986-307F5550B669}"
EndProject
Project("{2150E333-8FDC-42A3-9474-1A3956D46DE8}") = "Identity", "Identity", "{00ECB1D2-1684-494D-AEAF-743A31822BE6}"
EndProject
Project("{9A19103F-16F7-4668-BE54-9A1E7A4F7556}") = "CCRS.Identity.API", "src\services\CCRS.Identity.API\CCRS.Identity.API.csproj", "{4657F47F-032C-4CFC-A475-DF2D84917FC6}"
EndProject
Project("{2150E333-8FDC-42A3-9474-1A3956D46DE8}") = "MVC", "MVC", "{52D448EB-A4DE-459D-8936-23542EED388A}"
EndProject
Project("{9A19103F-16F7-4668-BE54-9A1E7A4F7556}") = "CCRS.WebApp.MVC", "src\web\CCRS.WebApp.MVC\CCRS.WebApp.MVC.csproj", "{FB16C135-B83C-477B-BE7D-9F86E21341F9}"
EndProject
Project("{2150E333-8FDC-42A3-9474-1A3956D46DE8}") = "Core", "Core", "{479E1B46-4F8E-4881-888A-AFF642924DDF}"
EndProject
Project("{9A19103F-16F7-4668-BE54-9A1E7A4F7556}") = "CCRS.Core", "src\building blocks\CCRS.Core\CCRS.Core.csproj", "{6938E9E4-C337-43AF-BCB2-3C58A9E0DF58}"
EndProject
Project("{2150E333-8FDC-42A3-9474-1A3956D46DE8}") = "Catalog", "Catalog", "{D83432BE-C20B-46CF-A817-BB80CC588E48}"
EndProject
Project("{9A19103F-16F7-4668-BE54-9A1E7A4F7556}") = "CCRS.Catalog.API", "src\services\CCRS.Catalog.API\CCRS.Catalog.API.csproj", "{E2E96468-98E6-4B00-B21C-CC773C3B145C}"
EndProject
Project("{9A19103F-16F7-4668-BE54-9A1E7A4F7556}") = "CCRS.WebAPI.Core", "src\building blocks\CCRS.WebApi.Core\CCRS.WebAPI.Core.csproj", "{72D5465D-A8FE-431F-B261-B6C1B1ECD2C6}"
EndProject
Project("{2150E333-8FDC-42A3-9474-1A3956D46DE8}") = "Services", "Services", "{F65C2777-CF92-46F9-8791-12E5DC0462A1}"
EndProject
Project("{2150E333-8FDC-42A3-9474-1A3956D46DE8}") = "UserProfile", "UserProfile", "{1F8989D0-C4FA-4BC8-8528-F3B0AE812932}"
EndProject
Project("{9A19103F-16F7-4668-BE54-9A1E7A4F7556}") = "CCRS.User.API", "src\services\CCRS.Client.API\CCRS.User.API.csproj", "{C034A059-B70B-4B3F-BF90-AF38051F6FCA}"
EndProject
Global
	GlobalSection(SolutionConfigurationPlatforms) = preSolution
		Debug|Any CPU = Debug|Any CPU
		Release|Any CPU = Release|Any CPU
	EndGlobalSection
	GlobalSection(ProjectConfigurationPlatforms) = postSolution
		{4657F47F-032C-4CFC-A475-DF2D84917FC6}.Debug|Any CPU.ActiveCfg = Debug|Any CPU
		{4657F47F-032C-4CFC-A475-DF2D84917FC6}.Debug|Any CPU.Build.0 = Debug|Any CPU
		{4657F47F-032C-4CFC-A475-DF2D84917FC6}.Release|Any CPU.ActiveCfg = Release|Any CPU
		{4657F47F-032C-4CFC-A475-DF2D84917FC6}.Release|Any CPU.Build.0 = Release|Any CPU
		{FB16C135-B83C-477B-BE7D-9F86E21341F9}.Debug|Any CPU.ActiveCfg = Debug|Any CPU
		{FB16C135-B83C-477B-BE7D-9F86E21341F9}.Debug|Any CPU.Build.0 = Debug|Any CPU
		{FB16C135-B83C-477B-BE7D-9F86E21341F9}.Release|Any CPU.ActiveCfg = Release|Any CPU
		{FB16C135-B83C-477B-BE7D-9F86E21341F9}.Release|Any CPU.Build.0 = Release|Any CPU
		{6938E9E4-C337-43AF-BCB2-3C58A9E0DF58}.Debug|Any CPU.ActiveCfg = Debug|Any CPU
		{6938E9E4-C337-43AF-BCB2-3C58A9E0DF58}.Debug|Any CPU.Build.0 = Debug|Any CPU
		{6938E9E4-C337-43AF-BCB2-3C58A9E0DF58}.Release|Any CPU.ActiveCfg = Release|Any CPU
		{6938E9E4-C337-43AF-BCB2-3C58A9E0DF58}.Release|Any CPU.Build.0 = Release|Any CPU
		{E2E96468-98E6-4B00-B21C-CC773C3B145C}.Debug|Any CPU.ActiveCfg = Debug|Any CPU
		{E2E96468-98E6-4B00-B21C-CC773C3B145C}.Debug|Any CPU.Build.0 = Debug|Any CPU
		{E2E96468-98E6-4B00-B21C-CC773C3B145C}.Release|Any CPU.ActiveCfg = Release|Any CPU
		{E2E96468-98E6-4B00-B21C-CC773C3B145C}.Release|Any CPU.Build.0 = Release|Any CPU
		{72D5465D-A8FE-431F-B261-B6C1B1ECD2C6}.Debug|Any CPU.ActiveCfg = Debug|Any CPU
		{72D5465D-A8FE-431F-B261-B6C1B1ECD2C6}.Debug|Any CPU.Build.0 = Debug|Any CPU
		{72D5465D-A8FE-431F-B261-B6C1B1ECD2C6}.Release|Any CPU.ActiveCfg = Release|Any CPU
		{72D5465D-A8FE-431F-B261-B6C1B1ECD2C6}.Release|Any CPU.Build.0 = Release|Any CPU
		{C034A059-B70B-4B3F-BF90-AF38051F6FCA}.Debug|Any CPU.ActiveCfg = Debug|Any CPU
		{C034A059-B70B-4B3F-BF90-AF38051F6FCA}.Debug|Any CPU.Build.0 = Debug|Any CPU
		{C034A059-B70B-4B3F-BF90-AF38051F6FCA}.Release|Any CPU.ActiveCfg = Release|Any CPU
		{C034A059-B70B-4B3F-BF90-AF38051F6FCA}.Release|Any CPU.Build.0 = Release|Any CPU
	EndGlobalSection
	GlobalSection(SolutionProperties) = preSolution
		HideSolutionNode = FALSE
	EndGlobalSection
	GlobalSection(NestedProjects) = preSolution
		{00ECB1D2-1684-494D-AEAF-743A31822BE6} = {4F5D057A-8F9D-4FFE-9986-307F5550B669}
		{4657F47F-032C-4CFC-A475-DF2D84917FC6} = {00ECB1D2-1684-494D-AEAF-743A31822BE6}
		{52D448EB-A4DE-459D-8936-23542EED388A} = {98CAD1FC-CAA8-4E9D-97B0-1A1C48196A81}
		{FB16C135-B83C-477B-BE7D-9F86E21341F9} = {52D448EB-A4DE-459D-8936-23542EED388A}
		{479E1B46-4F8E-4881-888A-AFF642924DDF} = {13561F5A-E4E2-4D24-BE52-2F80D47FDCA9}
		{6938E9E4-C337-43AF-BCB2-3C58A9E0DF58} = {479E1B46-4F8E-4881-888A-AFF642924DDF}
		{D83432BE-C20B-46CF-A817-BB80CC588E48} = {4F5D057A-8F9D-4FFE-9986-307F5550B669}
		{E2E96468-98E6-4B00-B21C-CC773C3B145C} = {D83432BE-C20B-46CF-A817-BB80CC588E48}
		{72D5465D-A8FE-431F-B261-B6C1B1ECD2C6} = {F65C2777-CF92-46F9-8791-12E5DC0462A1}
		{F65C2777-CF92-46F9-8791-12E5DC0462A1} = {13561F5A-E4E2-4D24-BE52-2F80D47FDCA9}
		{1F8989D0-C4FA-4BC8-8528-F3B0AE812932} = {4F5D057A-8F9D-4FFE-9986-307F5550B669}
		{C034A059-B70B-4B3F-BF90-AF38051F6FCA} = {1F8989D0-C4FA-4BC8-8528-F3B0AE812932}
	EndGlobalSection
	GlobalSection(ExtensibilityGlobals) = postSolution
		SolutionGuid = {C22905CD-FF85-483C-A17D-84748A8F0D7E}
	EndGlobalSection
EndGlobal
